
Microsoft Visual Studio Solution File, Format Version 12.00
# Visual Studio Version 17
VisualStudioVersion = 17.8.34525.116
MinimumVisualStudioVersion = 10.0.40219.1
Project("{FAE04EC0-301F-11D3-BF4B-00C04F79EFBC}") = "TcpListenerTest", "TcpListenerTest.csproj", "{0F98BA53-5102-44AC-8863-1C2E620536EE}"
EndProject
Project("{FAE04EC0-301F-11D3-BF4B-00C04F79EFBC}") = "TcpClientTest", "..\TcpClientTest\TcpClientTest.csproj", "{CD43B4EB-17C9-46E9-9FE7-386B09D61542}"
EndProject
Global
	GlobalSection(SolutionConfigurationPlatforms) = preSolution
		Debug|Any CPU = Debug|Any CPU
		Release|Any CPU = Release|Any CPU
	EndGlobalSection
	GlobalSection(ProjectConfigurationPlatforms) = postSolution
		{0F98BA53-5102-44AC-8863-1C2E620536EE}.Debug|Any CPU.ActiveCfg = Debug|Any CPU
		{0F98BA53-5102-44AC-8863-1C2E620536EE}.Debug|Any CPU.Build.0 = Debug|Any CPU
		{0F98BA53-5102-44AC-8863-1C2E620536EE}.Release|Any CPU.ActiveCfg = Release|Any CPU
		{0F98BA53-5102-44AC-8863-1C2E620536EE}.Release|Any CPU.Build.0 = Release|Any CPU
		{CD43B4EB-17C9-46E9-9FE7-386B09D61542}.Debug|Any CPU.ActiveCfg = Debug|Any CPU
		{CD43B4EB-17C9-46E9-9FE7-386B09D61542}.Debug|Any CPU.Build.0 = Debug|Any CPU
		{CD43B4EB-17C9-46E9-9FE7-386B09D61542}.Release|Any CPU.ActiveCfg = Release|Any CPU
		{CD43B4EB-17C9-46E9-9FE7-386B09D61542}.Release|Any CPU.Build.0 = Release|Any CPU
	EndGlobalSection
	GlobalSection(SolutionProperties) = preSolution
		HideSolutionNode = FALSE
	EndGlobalSection
	GlobalSection(ExtensibilityGlobals) = postSolution
		SolutionGuid = {A6663509-2C0C-4287-B519-14A03BA053D4}
	EndGlobalSection
EndGlobal
